
Microsoft Visual Studio Solution File, Format Version 12.00
Project("{2150E333-8FDC-42A3-9474-1A3956D46DE8}") = "Projects", "Projects", "{35EC9D37-6758-405E-BB2C-24706AEB9533}"
EndProject
Project("{FAE04EC0-301F-11D3-BF4B-00C04F79EFBC}") = "Tyche.StarterApp.Web", "Projects\Tyche.StarterApp.Web\Tyche.StarterApp.Web.csproj", "{D8A7F034-1F31-495B-832F-B61101AF6138}"
EndProject
Project("{2150E333-8FDC-42A3-9474-1A3956D46DE8}") = "Tests", "Tests", "{96889351-57B8-4D89-A7FC-B3DC009C5640}"
EndProject
Project("{2150E333-8FDC-42A3-9474-1A3956D46DE8}") = "Solution Items", "Solution Items", "{6482D7BA-BEA5-4D21-B6E1-10479010509A}"
	ProjectSection(SolutionItems) = preProject
		readme.md = readme.md
		SolutionItems\Architecture.drawio = SolutionItems\Architecture.drawio
	EndProjectSection
EndProject
Project("{FAE04EC0-301F-11D3-BF4B-00C04F79EFBC}") = "Tyche.StarterApp", "Projects\Tyche.StarterApp\Tyche.StarterApp.csproj", "{2B18D4FD-C541-4D2C-9200-1A898BC11B1D}"
EndProject
Project("{FAE04EC0-301F-11D3-BF4B-00C04F79EFBC}") = "Tyche.StarterApp.Web.Tests", "Tests\Tyche.StarterApp.Web.Tests\Tyche.StarterApp.Web.Tests.csproj", "{B65FA51D-6D30-459A-B9BE-CA2293D41927}"
EndProject
Project("{FAE04EC0-301F-11D3-BF4B-00C04F79EFBC}") = "Tyche.StarterApp.Tests", "Tests\Tyche.StarterApp.Tests\Tyche.StarterApp.Tests.csproj", "{C7F980D7-550C-4003-8AFB-4A14F9E8F480}"
EndProject
Global
	GlobalSection(SolutionConfigurationPlatforms) = preSolution
		Debug|Any CPU = Debug|Any CPU
		Release|Any CPU = Release|Any CPU
	EndGlobalSection
	GlobalSection(ProjectConfigurationPlatforms) = postSolution
		{D8A7F034-1F31-495B-832F-B61101AF6138}.Debug|Any CPU.ActiveCfg = Debug|Any CPU
		{D8A7F034-1F31-495B-832F-B61101AF6138}.Debug|Any CPU.Build.0 = Debug|Any CPU
		{D8A7F034-1F31-495B-832F-B61101AF6138}.Release|Any CPU.ActiveCfg = Release|Any CPU
		{D8A7F034-1F31-495B-832F-B61101AF6138}.Release|Any CPU.Build.0 = Release|Any CPU
		{2B18D4FD-C541-4D2C-9200-1A898BC11B1D}.Debug|Any CPU.ActiveCfg = Debug|Any CPU
		{2B18D4FD-C541-4D2C-9200-1A898BC11B1D}.Debug|Any CPU.Build.0 = Debug|Any CPU
		{2B18D4FD-C541-4D2C-9200-1A898BC11B1D}.Release|Any CPU.ActiveCfg = Release|Any CPU
		{2B18D4FD-C541-4D2C-9200-1A898BC11B1D}.Release|Any CPU.Build.0 = Release|Any CPU
		{B65FA51D-6D30-459A-B9BE-CA2293D41927}.Debug|Any CPU.ActiveCfg = Debug|Any CPU
		{B65FA51D-6D30-459A-B9BE-CA2293D41927}.Debug|Any CPU.Build.0 = Debug|Any CPU
		{B65FA51D-6D30-459A-B9BE-CA2293D41927}.Release|Any CPU.ActiveCfg = Release|Any CPU
		{B65FA51D-6D30-459A-B9BE-CA2293D41927}.Release|Any CPU.Build.0 = Release|Any CPU
		{C7F980D7-550C-4003-8AFB-4A14F9E8F480}.Debug|Any CPU.ActiveCfg = Debug|Any CPU
		{C7F980D7-550C-4003-8AFB-4A14F9E8F480}.Debug|Any CPU.Build.0 = Debug|Any CPU
		{C7F980D7-550C-4003-8AFB-4A14F9E8F480}.Release|Any CPU.ActiveCfg = Release|Any CPU
		{C7F980D7-550C-4003-8AFB-4A14F9E8F480}.Release|Any CPU.Build.0 = Release|Any CPU
	EndGlobalSection
	GlobalSection(NestedProjects) = preSolution
		{D8A7F034-1F31-495B-832F-B61101AF6138} = {35EC9D37-6758-405E-BB2C-24706AEB9533}
		{2B18D4FD-C541-4D2C-9200-1A898BC11B1D} = {35EC9D37-6758-405E-BB2C-24706AEB9533}
		{B65FA51D-6D30-459A-B9BE-CA2293D41927} = {96889351-57B8-4D89-A7FC-B3DC009C5640}
		{C7F980D7-550C-4003-8AFB-4A14F9E8F480} = {96889351-57B8-4D89-A7FC-B3DC009C5640}
	EndGlobalSection
EndGlobal
